
Microsoft Visual Studio Solution File, Format Version 12.00
# Visual Studio Version 16
VisualStudioVersion = 16.0.29326.143
MinimumVisualStudioVersion = 10.0.40219.1
Project("{FAE04EC0-301F-11D3-BF4B-00C04F79EFBC}") = "ComputationalMathematics", "ComputationalMathematics\ComputationalMathematics.csproj", "{D4961409-01E4-4AAF-A162-9702EC918A44}"
EndProject
Global
	GlobalSection(SolutionConfigurationPlatforms) = preSolution
		Debug|Any CPU = Debug|Any CPU
		Release|Any CPU = Release|Any CPU
	EndGlobalSection
	GlobalSection(ProjectConfigurationPlatforms) = postSolution
		{D4961409-01E4-4AAF-A162-9702EC918A44}.Debug|Any CPU.ActiveCfg = Debug|Any CPU
		{D4961409-01E4-4AAF-A162-9702EC918A44}.Debug|Any CPU.Build.0 = Debug|Any CPU
		{D4961409-01E4-4AAF-A162-9702EC918A44}.Release|Any CPU.ActiveCfg = Release|Any CPU
		{D4961409-01E4-4AAF-A162-9702EC918A44}.Release|Any CPU.Build.0 = Release|Any CPU
	EndGlobalSection
	GlobalSection(SolutionProperties) = preSolution
		HideSolutionNode = FALSE
	EndGlobalSection
	GlobalSection(ExtensibilityGlobals) = postSolution
		SolutionGuid = {A0603195-9F72-4CB9-BADB-B194D6B3DCF9}
	EndGlobalSection
EndGlobal
